
Microsoft Visual Studio Solution File, Format Version 12.00
# Visual Studio Version 17
VisualStudioVersion = 17.3.32922.545
MinimumVisualStudioVersion = 10.0.40219.1
Project("{FAE04EC0-301F-11D3-BF4B-00C04F79EFBC}") = "Wheel_Of_Fate_API", "Wheel_Of_Fate_API\Wheel_Of_Fate_API.csproj", "{30F8AC62-BA9C-4789-8D6F-47B65E1F9F19}"
EndProject
Project("{FAE04EC0-301F-11D3-BF4B-00C04F79EFBC}") = "Wheel_OF_Fate.DA", "Wheel_OF_Fate.DA\Wheel_OF_Fate.DA.csproj", "{D6ADBCA5-E13F-4E06-811C-BCB61DA60ACD}"
EndProject
Project("{FAE04EC0-301F-11D3-BF4B-00C04F79EFBC}") = "Wheel_Of_Fate.Models", "Wheel_Of_Fate.Models\Wheel_Of_Fate.Models.csproj", "{25E806D3-3F0E-4ED1-BD0A-EF4B45E2262A}"
EndProject
Project("{FAE04EC0-301F-11D3-BF4B-00C04F79EFBC}") = "Wheel_Of_Fate.BL", "Wheel_Of_Fate.BL\Wheel_Of_Fate.BL.csproj", "{B277E366-8B52-4388-B8B5-332698A898F9}"
EndProject
Global
	GlobalSection(SolutionConfigurationPlatforms) = preSolution
		Debug|Any CPU = Debug|Any CPU
		Release|Any CPU = Release|Any CPU
	EndGlobalSection
	GlobalSection(ProjectConfigurationPlatforms) = postSolution
		{30F8AC62-BA9C-4789-8D6F-47B65E1F9F19}.Debug|Any CPU.ActiveCfg = Debug|Any CPU
		{30F8AC62-BA9C-4789-8D6F-47B65E1F9F19}.Debug|Any CPU.Build.0 = Debug|Any CPU
		{30F8AC62-BA9C-4789-8D6F-47B65E1F9F19}.Release|Any CPU.ActiveCfg = Release|Any CPU
		{30F8AC62-BA9C-4789-8D6F-47B65E1F9F19}.Release|Any CPU.Build.0 = Release|Any CPU
		{D6ADBCA5-E13F-4E06-811C-BCB61DA60ACD}.Debug|Any CPU.ActiveCfg = Debug|Any CPU
		{D6ADBCA5-E13F-4E06-811C-BCB61DA60ACD}.Debug|Any CPU.Build.0 = Debug|Any CPU
		{D6ADBCA5-E13F-4E06-811C-BCB61DA60ACD}.Release|Any CPU.ActiveCfg = Release|Any CPU
		{D6ADBCA5-E13F-4E06-811C-BCB61DA60ACD}.Release|Any CPU.Build.0 = Release|Any CPU
		{25E806D3-3F0E-4ED1-BD0A-EF4B45E2262A}.Debug|Any CPU.ActiveCfg = Debug|Any CPU
		{25E806D3-3F0E-4ED1-BD0A-EF4B45E2262A}.Debug|Any CPU.Build.0 = Debug|Any CPU
		{25E806D3-3F0E-4ED1-BD0A-EF4B45E2262A}.Release|Any CPU.ActiveCfg = Release|Any CPU
		{25E806D3-3F0E-4ED1-BD0A-EF4B45E2262A}.Release|Any CPU.Build.0 = Release|Any CPU
		{B277E366-8B52-4388-B8B5-332698A898F9}.Debug|Any CPU.ActiveCfg = Debug|Any CPU
		{B277E366-8B52-4388-B8B5-332698A898F9}.Debug|Any CPU.Build.0 = Debug|Any CPU
		{B277E366-8B52-4388-B8B5-332698A898F9}.Release|Any CPU.ActiveCfg = Release|Any CPU
		{B277E366-8B52-4388-B8B5-332698A898F9}.Release|Any CPU.Build.0 = Release|Any CPU
	EndGlobalSection
	GlobalSection(SolutionProperties) = preSolution
		HideSolutionNode = FALSE
	EndGlobalSection
	GlobalSection(ExtensibilityGlobals) = postSolution
		SolutionGuid = {227262ED-2758-4832-BA82-DF334F7C39CA}
	EndGlobalSection
EndGlobal
